
Microsoft Visual Studio Solution File, Format Version 12.00
# Visual Studio Version 16
VisualStudioVersion = 16.0.30907.101
MinimumVisualStudioVersion = 10.0.40219.1
Project("{2150E333-8FDC-42A3-9474-1A3956D46DE8}") = "Services", "Services", "{EEEFD37B-ACC5-4AAD-94A6-741B40CBB195}"
EndProject
Project("{2150E333-8FDC-42A3-9474-1A3956D46DE8}") = "Catalog", "Catalog", "{367F1AE1-702B-4635-9C20-B7ED2957AAC1}"
EndProject
Project("{9A19103F-16F7-4668-BE54-9A1E7A4F7556}") = "Catalog.API", "Services\Catalog\Catalog.API\Catalog.API.csproj", "{F95D1B12-7455-4244-9FF7-BD5AB849F624}"
EndProject
Project("{E53339B2-1760-4266-BCC7-CA923CBCF16C}") = "docker-compose", "docker-compose.dcproj", "{2CAC9A0B-9A1D-4207-AADD-1C5ED0C481FD}"
EndProject
Project("{2150E333-8FDC-42A3-9474-1A3956D46DE8}") = "Basket", "Basket", "{F1C286BD-4B7B-471C-BA04-B2D126BCAFF6}"
EndProject
Project("{FAE04EC0-301F-11D3-BF4B-00C04F79EFBC}") = "Basket.API", "Services\Basket\Basket.API\Basket.API.csproj", "{F966B831-7113-472A-B87F-5E185A922610}"
EndProject
Global
	GlobalSection(SolutionConfigurationPlatforms) = preSolution
		Debug|Any CPU = Debug|Any CPU
		Release|Any CPU = Release|Any CPU
	EndGlobalSection
	GlobalSection(ProjectConfigurationPlatforms) = postSolution
		{F95D1B12-7455-4244-9FF7-BD5AB849F624}.Debug|Any CPU.ActiveCfg = Debug|Any CPU
		{F95D1B12-7455-4244-9FF7-BD5AB849F624}.Debug|Any CPU.Build.0 = Debug|Any CPU
		{F95D1B12-7455-4244-9FF7-BD5AB849F624}.Release|Any CPU.ActiveCfg = Release|Any CPU
		{F95D1B12-7455-4244-9FF7-BD5AB849F624}.Release|Any CPU.Build.0 = Release|Any CPU
		{2CAC9A0B-9A1D-4207-AADD-1C5ED0C481FD}.Debug|Any CPU.ActiveCfg = Debug|Any CPU
		{2CAC9A0B-9A1D-4207-AADD-1C5ED0C481FD}.Debug|Any CPU.Build.0 = Debug|Any CPU
		{2CAC9A0B-9A1D-4207-AADD-1C5ED0C481FD}.Release|Any CPU.ActiveCfg = Release|Any CPU
		{2CAC9A0B-9A1D-4207-AADD-1C5ED0C481FD}.Release|Any CPU.Build.0 = Release|Any CPU
		{F966B831-7113-472A-B87F-5E185A922610}.Debug|Any CPU.ActiveCfg = Debug|Any CPU
		{F966B831-7113-472A-B87F-5E185A922610}.Debug|Any CPU.Build.0 = Debug|Any CPU
		{F966B831-7113-472A-B87F-5E185A922610}.Release|Any CPU.ActiveCfg = Release|Any CPU
		{F966B831-7113-472A-B87F-5E185A922610}.Release|Any CPU.Build.0 = Release|Any CPU
	EndGlobalSection
	GlobalSection(SolutionProperties) = preSolution
		HideSolutionNode = FALSE
	EndGlobalSection
	GlobalSection(NestedProjects) = preSolution
		{367F1AE1-702B-4635-9C20-B7ED2957AAC1} = {EEEFD37B-ACC5-4AAD-94A6-741B40CBB195}
		{F95D1B12-7455-4244-9FF7-BD5AB849F624} = {367F1AE1-702B-4635-9C20-B7ED2957AAC1}
		{F1C286BD-4B7B-471C-BA04-B2D126BCAFF6} = {EEEFD37B-ACC5-4AAD-94A6-741B40CBB195}
		{F966B831-7113-472A-B87F-5E185A922610} = {F1C286BD-4B7B-471C-BA04-B2D126BCAFF6}
	EndGlobalSection
	GlobalSection(ExtensibilityGlobals) = postSolution
		SolutionGuid = {A3D33DA4-CC2B-4969-B46C-B85AA62493F9}
	EndGlobalSection
EndGlobal
