
Microsoft Visual Studio Solution File, Format Version 12.00
# Visual Studio Version 16
VisualStudioVersion = 16.0.30907.101
MinimumVisualStudioVersion = 10.0.40219.1
Project("{2150E333-8FDC-42A3-9474-1A3956D46DE8}") = "Services", "Services", "{EEEFD37B-ACC5-4AAD-94A6-741B40CBB195}"
EndProject
Project("{2150E333-8FDC-42A3-9474-1A3956D46DE8}") = "Catalog", "Catalog", "{367F1AE1-702B-4635-9C20-B7ED2957AAC1}"
EndProject
Project("{9A19103F-16F7-4668-BE54-9A1E7A4F7556}") = "Catalog.API", "Services\Catalog\Catalog.API\Catalog.API.csproj", "{F95D1B12-7455-4244-9FF7-BD5AB849F624}"
EndProject
Project("{E53339B2-1760-4266-BCC7-CA923CBCF16C}") = "docker-compose", "docker-compose.dcproj", "{2CAC9A0B-9A1D-4207-AADD-1C5ED0C481FD}"
EndProject
Project("{2150E333-8FDC-42A3-9474-1A3956D46DE8}") = "Basket", "Basket", "{F1C286BD-4B7B-471C-BA04-B2D126BCAFF6}"
EndProject
Project("{9A19103F-16F7-4668-BE54-9A1E7A4F7556}") = "Basket.API", "Services\Basket\Basket.API\Basket.API.csproj", "{F966B831-7113-472A-B87F-5E185A922610}"
EndProject
Project("{2150E333-8FDC-42A3-9474-1A3956D46DE8}") = "Discount", "Discount", "{C1AB5311-19FA-4976-9500-99336DCA108E}"
EndProject
Project("{9A19103F-16F7-4668-BE54-9A1E7A4F7556}") = "Discount.API", "Services\Discount\Discount.API\Discount.API.csproj", "{772F4AEC-4442-4155-A92E-56188D027799}"
EndProject
Project("{9A19103F-16F7-4668-BE54-9A1E7A4F7556}") = "Discount.Grpc", "Services\Discount\Discount.Grpc\Discount.Grpc.csproj", "{4132890A-82CD-428F-93EF-37B235B67F2E}"
EndProject
Project("{2150E333-8FDC-42A3-9474-1A3956D46DE8}") = "Ordering", "Ordering", "{0FF3D02E-AD47-4B12-8E5E-0AEAC8FCB1ED}"
EndProject
Project("{FAE04EC0-301F-11D3-BF4B-00C04F79EFBC}") = "Ordering.API", "Services\Ordering\Ordering.API\Ordering.API.csproj", "{33254988-C516-4768-8917-78978C351A99}"
EndProject
Project("{FAE04EC0-301F-11D3-BF4B-00C04F79EFBC}") = "Ordering.Domain", "Services\Ordering\Ordering.Domain\Ordering.Domain.csproj", "{63B195F6-99B7-4BF5-BE8C-C6D7DF6430FC}"
EndProject
Project("{FAE04EC0-301F-11D3-BF4B-00C04F79EFBC}") = "Ordering.Application", "Services\Ordering\Ordering.Application\Ordering.Application.csproj", "{70D80105-4F47-4AF3-978E-91CADB4A818B}"
EndProject
Project("{FAE04EC0-301F-11D3-BF4B-00C04F79EFBC}") = "Ordering.Infrastructure", "Services\Ordering\Ordering.Infrastructure\Ordering.Infrastructure.csproj", "{EDC7F98F-11E5-4519-9FC4-80F1025D6C35}"
EndProject
Global
	GlobalSection(SolutionConfigurationPlatforms) = preSolution
		Debug|Any CPU = Debug|Any CPU
		Release|Any CPU = Release|Any CPU
	EndGlobalSection
	GlobalSection(ProjectConfigurationPlatforms) = postSolution
		{F95D1B12-7455-4244-9FF7-BD5AB849F624}.Debug|Any CPU.ActiveCfg = Debug|Any CPU
		{F95D1B12-7455-4244-9FF7-BD5AB849F624}.Debug|Any CPU.Build.0 = Debug|Any CPU
		{F95D1B12-7455-4244-9FF7-BD5AB849F624}.Release|Any CPU.ActiveCfg = Release|Any CPU
		{F95D1B12-7455-4244-9FF7-BD5AB849F624}.Release|Any CPU.Build.0 = Release|Any CPU
		{2CAC9A0B-9A1D-4207-AADD-1C5ED0C481FD}.Debug|Any CPU.ActiveCfg = Debug|Any CPU
		{2CAC9A0B-9A1D-4207-AADD-1C5ED0C481FD}.Debug|Any CPU.Build.0 = Debug|Any CPU
		{2CAC9A0B-9A1D-4207-AADD-1C5ED0C481FD}.Release|Any CPU.ActiveCfg = Release|Any CPU
		{2CAC9A0B-9A1D-4207-AADD-1C5ED0C481FD}.Release|Any CPU.Build.0 = Release|Any CPU
		{F966B831-7113-472A-B87F-5E185A922610}.Debug|Any CPU.ActiveCfg = Debug|Any CPU
		{F966B831-7113-472A-B87F-5E185A922610}.Debug|Any CPU.Build.0 = Debug|Any CPU
		{F966B831-7113-472A-B87F-5E185A922610}.Release|Any CPU.ActiveCfg = Release|Any CPU
		{F966B831-7113-472A-B87F-5E185A922610}.Release|Any CPU.Build.0 = Release|Any CPU
		{772F4AEC-4442-4155-A92E-56188D027799}.Debug|Any CPU.ActiveCfg = Debug|Any CPU
		{772F4AEC-4442-4155-A92E-56188D027799}.Debug|Any CPU.Build.0 = Debug|Any CPU
		{772F4AEC-4442-4155-A92E-56188D027799}.Release|Any CPU.ActiveCfg = Release|Any CPU
		{772F4AEC-4442-4155-A92E-56188D027799}.Release|Any CPU.Build.0 = Release|Any CPU
		{4132890A-82CD-428F-93EF-37B235B67F2E}.Debug|Any CPU.ActiveCfg = Debug|Any CPU
		{4132890A-82CD-428F-93EF-37B235B67F2E}.Debug|Any CPU.Build.0 = Debug|Any CPU
		{4132890A-82CD-428F-93EF-37B235B67F2E}.Release|Any CPU.ActiveCfg = Release|Any CPU
		{4132890A-82CD-428F-93EF-37B235B67F2E}.Release|Any CPU.Build.0 = Release|Any CPU
		{33254988-C516-4768-8917-78978C351A99}.Debug|Any CPU.ActiveCfg = Debug|Any CPU
		{33254988-C516-4768-8917-78978C351A99}.Debug|Any CPU.Build.0 = Debug|Any CPU
		{33254988-C516-4768-8917-78978C351A99}.Release|Any CPU.ActiveCfg = Release|Any CPU
		{33254988-C516-4768-8917-78978C351A99}.Release|Any CPU.Build.0 = Release|Any CPU
		{63B195F6-99B7-4BF5-BE8C-C6D7DF6430FC}.Debug|Any CPU.ActiveCfg = Debug|Any CPU
		{63B195F6-99B7-4BF5-BE8C-C6D7DF6430FC}.Debug|Any CPU.Build.0 = Debug|Any CPU
		{63B195F6-99B7-4BF5-BE8C-C6D7DF6430FC}.Release|Any CPU.ActiveCfg = Release|Any CPU
		{63B195F6-99B7-4BF5-BE8C-C6D7DF6430FC}.Release|Any CPU.Build.0 = Release|Any CPU
		{70D80105-4F47-4AF3-978E-91CADB4A818B}.Debug|Any CPU.ActiveCfg = Debug|Any CPU
		{70D80105-4F47-4AF3-978E-91CADB4A818B}.Debug|Any CPU.Build.0 = Debug|Any CPU
		{70D80105-4F47-4AF3-978E-91CADB4A818B}.Release|Any CPU.ActiveCfg = Release|Any CPU
		{70D80105-4F47-4AF3-978E-91CADB4A818B}.Release|Any CPU.Build.0 = Release|Any CPU
		{EDC7F98F-11E5-4519-9FC4-80F1025D6C35}.Debug|Any CPU.ActiveCfg = Debug|Any CPU
		{EDC7F98F-11E5-4519-9FC4-80F1025D6C35}.Debug|Any CPU.Build.0 = Debug|Any CPU
		{EDC7F98F-11E5-4519-9FC4-80F1025D6C35}.Release|Any CPU.ActiveCfg = Release|Any CPU
		{EDC7F98F-11E5-4519-9FC4-80F1025D6C35}.Release|Any CPU.Build.0 = Release|Any CPU
	EndGlobalSection
	GlobalSection(SolutionProperties) = preSolution
		HideSolutionNode = FALSE
	EndGlobalSection
	GlobalSection(NestedProjects) = preSolution
		{367F1AE1-702B-4635-9C20-B7ED2957AAC1} = {EEEFD37B-ACC5-4AAD-94A6-741B40CBB195}
		{F95D1B12-7455-4244-9FF7-BD5AB849F624} = {367F1AE1-702B-4635-9C20-B7ED2957AAC1}
		{F1C286BD-4B7B-471C-BA04-B2D126BCAFF6} = {EEEFD37B-ACC5-4AAD-94A6-741B40CBB195}
		{F966B831-7113-472A-B87F-5E185A922610} = {F1C286BD-4B7B-471C-BA04-B2D126BCAFF6}
		{C1AB5311-19FA-4976-9500-99336DCA108E} = {EEEFD37B-ACC5-4AAD-94A6-741B40CBB195}
		{772F4AEC-4442-4155-A92E-56188D027799} = {C1AB5311-19FA-4976-9500-99336DCA108E}
		{4132890A-82CD-428F-93EF-37B235B67F2E} = {C1AB5311-19FA-4976-9500-99336DCA108E}
		{0FF3D02E-AD47-4B12-8E5E-0AEAC8FCB1ED} = {EEEFD37B-ACC5-4AAD-94A6-741B40CBB195}
		{33254988-C516-4768-8917-78978C351A99} = {0FF3D02E-AD47-4B12-8E5E-0AEAC8FCB1ED}
		{63B195F6-99B7-4BF5-BE8C-C6D7DF6430FC} = {0FF3D02E-AD47-4B12-8E5E-0AEAC8FCB1ED}
		{70D80105-4F47-4AF3-978E-91CADB4A818B} = {0FF3D02E-AD47-4B12-8E5E-0AEAC8FCB1ED}
		{EDC7F98F-11E5-4519-9FC4-80F1025D6C35} = {0FF3D02E-AD47-4B12-8E5E-0AEAC8FCB1ED}
	EndGlobalSection
	GlobalSection(ExtensibilityGlobals) = postSolution
		SolutionGuid = {A3D33DA4-CC2B-4969-B46C-B85AA62493F9}
	EndGlobalSection
EndGlobal
